
Microsoft Visual Studio Solution File, Format Version 12.00
# Visual Studio 15
VisualStudioVersion = 15.0.28010.2036
MinimumVisualStudioVersion = 10.0.40219.1
Project("{FAE04EC0-301F-11D3-BF4B-00C04F79EFBC}") = "Lab5_Generic_LinkList", "Lab5_Generic_LinkList\Lab5_Generic_LinkList.csproj", "{440DD4A7-B266-4EB6-8783-9AF9128FA063}"
EndProject
Global
	GlobalSection(SolutionConfigurationPlatforms) = preSolution
		Debug|Any CPU = Debug|Any CPU
		Release|Any CPU = Release|Any CPU
	EndGlobalSection
	GlobalSection(ProjectConfigurationPlatforms) = postSolution
		{440DD4A7-B266-4EB6-8783-9AF9128FA063}.Debug|Any CPU.ActiveCfg = Debug|Any CPU
		{440DD4A7-B266-4EB6-8783-9AF9128FA063}.Debug|Any CPU.Build.0 = Debug|Any CPU
		{440DD4A7-B266-4EB6-8783-9AF9128FA063}.Release|Any CPU.ActiveCfg = Release|Any CPU
		{440DD4A7-B266-4EB6-8783-9AF9128FA063}.Release|Any CPU.Build.0 = Release|Any CPU
	EndGlobalSection
	GlobalSection(SolutionProperties) = preSolution
		HideSolutionNode = FALSE
	EndGlobalSection
	GlobalSection(ExtensibilityGlobals) = postSolution
		SolutionGuid = {67C23F32-BA34-49C0-8F00-1406B916B431}
	EndGlobalSection
EndGlobal
